
Microsoft Visual Studio Solution File, Format Version 12.00
# Visual Studio Version 17
VisualStudioVersion = 17.5.002.0
MinimumVisualStudioVersion = 10.0.40219.1
Project("{9A19103F-16F7-4668-BE54-9A1E7A4F7556}") = "dom01", "dom01.csproj", "{36E97462-57CA-45F8-AEBF-4BB8DC019E32}"
EndProject
Global
	GlobalSection(SolutionConfigurationPlatforms) = preSolution
		Debug|Any CPU = Debug|Any CPU
		Release|Any CPU = Release|Any CPU
	EndGlobalSection
	GlobalSection(ProjectConfigurationPlatforms) = postSolution
		{36E97462-57CA-45F8-AEBF-4BB8DC019E32}.Debug|Any CPU.ActiveCfg = Debug|Any CPU
		{36E97462-57CA-45F8-AEBF-4BB8DC019E32}.Debug|Any CPU.Build.0 = Debug|Any CPU
		{36E97462-57CA-45F8-AEBF-4BB8DC019E32}.Release|Any CPU.ActiveCfg = Release|Any CPU
		{36E97462-57CA-45F8-AEBF-4BB8DC019E32}.Release|Any CPU.Build.0 = Release|Any CPU
	EndGlobalSection
	GlobalSection(SolutionProperties) = preSolution
		HideSolutionNode = FALSE
	EndGlobalSection
	GlobalSection(ExtensibilityGlobals) = postSolution
		SolutionGuid = {29138A36-CFF6-4833-ADDD-8EF70B7FFAD4}
	EndGlobalSection
EndGlobal
